
Microsoft Visual Studio Solution File, Format Version 12.00
# Visual Studio Version 16
VisualStudioVersion = 16.0.31624.102
MinimumVisualStudioVersion = 10.0.40219.1
Project("{2150E333-8FDC-42A3-9474-1A3956D46DE8}") = "Solution Items", "Solution Items", "{51A2CF9A-65CB-47E3-AACD-3041FA917E3A}"
	ProjectSection(SolutionItems) = preProject
		Local.testsettings = Local.testsettings
	EndProjectSection
EndProject
Project("{9A19103F-16F7-4668-BE54-9A1E7A4F7556}") = "UnitSystems.Tests", "UnitSystems.Tests\UnitSystems.Tests.csproj", "{3CE9F040-EBF2-41F8-8E9B-8CD479555682}"
EndProject
Project("{9A19103F-16F7-4668-BE54-9A1E7A4F7556}") = "UnitSystems", "UnitSystems\UnitSystems.csproj", "{9912C7A8-12DA-47F2-8D92-82E530DC5028}"
EndProject
Global
	GlobalSection(SolutionConfigurationPlatforms) = preSolution
		Debug|Any CPU = Debug|Any CPU
		Release|Any CPU = Release|Any CPU
	EndGlobalSection
	GlobalSection(ProjectConfigurationPlatforms) = postSolution
		{3CE9F040-EBF2-41F8-8E9B-8CD479555682}.Debug|Any CPU.ActiveCfg = Debug|Any CPU
		{3CE9F040-EBF2-41F8-8E9B-8CD479555682}.Debug|Any CPU.Build.0 = Debug|Any CPU
		{3CE9F040-EBF2-41F8-8E9B-8CD479555682}.Release|Any CPU.ActiveCfg = Release|Any CPU
		{3CE9F040-EBF2-41F8-8E9B-8CD479555682}.Release|Any CPU.Build.0 = Release|Any CPU
		{9912C7A8-12DA-47F2-8D92-82E530DC5028}.Debug|Any CPU.ActiveCfg = Debug|Any CPU
		{9912C7A8-12DA-47F2-8D92-82E530DC5028}.Debug|Any CPU.Build.0 = Debug|Any CPU
		{9912C7A8-12DA-47F2-8D92-82E530DC5028}.Release|Any CPU.ActiveCfg = Release|Any CPU
		{9912C7A8-12DA-47F2-8D92-82E530DC5028}.Release|Any CPU.Build.0 = Release|Any CPU
	EndGlobalSection
	GlobalSection(SolutionProperties) = preSolution
		HideSolutionNode = FALSE
	EndGlobalSection
	GlobalSection(ExtensibilityGlobals) = postSolution
		SolutionGuid = {5B9E4BB9-3095-4C55-B274-A258EAFC54CF}
	EndGlobalSection
EndGlobal
